// !$*UTF8*$!
{
	archiveVersion = 1;
	classes = {
	};
	objectVersion = 46;
	objects = {

/* Begin PBXBuildFile section */
		76176BE61E55E249006F44F5 /* YXLib.m in Sources */ = {isa = PBXBuildFile; fileRef = 76176BE51E55E249006F44F5 /* YXLib.m */; };
		76176BE71E55E249006F44F5 /* YXLib.h in CopyFiles */ = {isa = PBXBuildFile; fileRef = 76176BE41E55E249006F44F5 /* YXLib.h */; };
/* End PBXBuildFile section */

/* Begin PBXCopyFilesBuildPhase section */
		76176BDF1E55E249006F44F5 /* CopyFiles */ = {
			isa = PBXCopyFilesBuildPhase;
			buildActionMask = 2147483647;
			dstPath = "include/$(PRODUCT_NAME)";
			dstSubfolderSpec = 16;
			files = (
				76176BE71E55E249006F44F5 /* YXLib.h in CopyFiles */,
			);
			runOnlyForDeploymentPostprocessing = 0;
		};
/* End PBXCopyFilesBuildPhase section */

/* Begin PBXFileReference section */
		76176BE11E55E249006F44F5 /* libYXLib.a */ = {isa = PBXFileReference; explicitFileType = archive.ar; includeInIndex = 0; path = libYXLib.a; sourceTree = BUILT_PRODUCTS_DIR; };
		76176BE41E55E249006F44F5 /* YXLib.h */ = {isa = PBXFileReference; lastKnownFileType = sourcecode.c.h; path = YXLib.h; sourceTree = "<group>"; };
		76176BE51E55E249006F44F5 /* YXLib.m */ = {isa = PBXFileReference; lastKnownFileType = sourcecode.c.objc; path = YXLib.m; sourceTree = "<group>"; };
/* End PBXFileReference section */

/* Begin PBXFrameworksBuildPhase section */
		76176BDE1E55E249006F44F5 /* Frameworks */ = {
			isa = PBXFrameworksBuildPhase;
			buildActionMask = 2147483647;
			files = (
			);
			runOnlyForDeploymentPostprocessing = 0;
		};
/* End PBXFrameworksBuildPhase section */

/* Begin PBXGroup section */
		76176BD81E55E249006F44F5 = {
			isa = PBXGroup;
			children = (
				76176BE31E55E249006F44F5 /* YXLib */,
				76176BE21E55E249006F44F5 /* Products */,
			);
			sourceTree = "<group>";
		};
		76176BE21E55E249006F44F5 /* Products */ = {
			isa = PBXGroup;
			children = (
				76176BE11E55E249006F44F5 /* libYXLib.a */,
			);
			name = Products;
			sourceTree = "<group>";
		};
		76176BE31E55E249006F44F5 /* YXLib */ = {
			isa = PBXGroup;
			children = (
				76176BE41E55E249006F44F5 /* YXLib.h */,
				76176BE51E55E249006F44F5 /* YXLib.m */,
			);
			path = YXLib;
			sourceTree = "<group>";
		};
/* End PBXGroup section */

/* Begin PBXNativeTarget section */
		76176BE01E55E249006F44F5 /* YXLib */ = {
			isa = PBXNativeTarget;
			buildConfigurationList = 76176BEA1E55E249006F44F5 /* Build configuration list for PBXNativeTarget "YXLib" */;
			buildPhases = (
				76176BDD1E55E249006F44F5 /* Sources */,
				76176BDE1E55E249006F44F5 /* Frameworks */,
				76176BDF1E55E249006F44F5 /* CopyFiles */,
			);
			buildRules = (
			);
			dependencies = (
			);
			name = YXLib;
			productName = YXLib;
			productReference = 76176BE11E55E249006F44F5 /* libYXLib.a */;
			productType = "com.apple.product-type.library.static";
		};
/* End PBXNativeTarget section */

/* Begin PBXProject section */
		76176BD91E55E249006F44F5 /* Project object */ = {
			isa = PBXProject;
			attributes = {
				LastUpgradeCheck = 0820;
				ORGANIZATIONNAME = YX;
				TargetAttributes = {
					76176BE01E55E249006F44F5 = {
						CreatedOnToolsVersion = 8.2.1;
						DevelopmentTeam = HF526ANGZB;
						ProvisioningStyle = Automatic;
					};
				};
			};
			buildConfigurationList = 76176BDC1E55E249006F44F5 /* Build configuration list for PBXProject "YXLib" */;
			compatibilityVersion = "Xcode 3.2";
			developmentRegion = English;
			hasScannedForEncodings = 0;
			knownRegions = (
				en,
			);
			mainGroup = 76176BD81E55E249006F44F5;
			productRefGroup = 76176BE21E55E249006F44F5 /* Products */;
			projectDirPath = "";
			projectRoot = "";
			targets = (
				76176BE01E55E249006F44F5 /* YXLib */,
			);
		};
/* End PBXProject section */

/* Begin PBXSourcesBuildPhase section */
		76176BDD1E55E249006F44F5 /* Sources */ = {
			isa = PBXSourcesBuildPhase;
			buildActionMask = 2147483647;
			files = (
				76176BE61E55E249006F44F5 /* YXLib.m in Sources */,
			);
			runOnlyForDeploymentPostprocessing = 0;
		};
/* End PBXSourcesBuildPhase section */

/* Begin XCBuildConfiguration section */
		76176BE81E55E249006F44F5 /* Debug */ = {
			isa = XCBuildConfiguration;
			buildSettings = {
				ALWAYS_SEARCH_USER_PATHS = NO;
				CLANG_ANALYZER_NONNULL = YES;
				CLANG_CXX_LANGUAGE_STANDARD = "gnu++0x";
				CLANG_CXX_LIBRARY = "libc++";
				CLANG_ENABLE_MODULES = YES;
				CLANG_ENABLE_OBJC_ARC = YES;
				CLANG_WARN_BOOL_CONVERSION = YES;
				CLANG_WARN_CONSTANT_CONVERSION = YES;
				CLANG_WARN_DIRECT_OBJC_ISA_USAGE = YES_ERROR;
				CLANG_WARN_DOCUMENTATION_COMMENTS = YES;
				CLANG_WARN_EMPTY_BODY = YES;
				CLANG_WARN_ENUM_CONVERSION = YES;
				CLANG_WARN_INFINITE_RECURSION = YES;
				CLANG_WARN_INT_CONVERSION = YES;
				CLANG_WARN_OBJC_ROOT_CLASS = YES_ERROR;
				CLANG_WARN_SUSPICIOUS_MOVE = YES;
				CLANG_WARN_UNREACHABLE_CODE = YES;
				CLANG_WARN__DUPLICATE_METHOD_MATCH = YES;
				"CODE_SIGN_IDENTITY[sdk=iphoneos*]" = "iPhone Developer";
				COPY_PHASE_STRIP = NO;
				DEBUG_INFORMATION_FORMAT = dwarf;
				ENABLE_STRICT_OBJC_MSGSEND = YES;
				ENABLE_TESTABILITY = YES;
				GCC_C_LANGUAGE_STANDARD = gnu99;
				GCC_DYNAMIC_NO_PIC = NO;
				GCC_NO_COMMON_BLOCKS = YES;
				GCC_OPTIMIZATION_LEVEL = 0;
				GCC_PREPROCESSOR_DEFINITIONS = (
					"DEBUG=1",
					"$(inherited)",
				);
				GCC_WARN_64_TO_32_BIT_CONVERSION = YES;
				GCC_WARN_ABOUT_RETURN_TYPE = YES_ERROR;
				GCC_WARN_UNDECLARED_SELECTOR = YES;
				GCC_WARN_UNINITIALIZED_AUTOS = YES_AGGRESSIVE;
				GCC_WARN_UNUSED_FUNCTION = YES;
				GCC_WARN_UNUSED_VARIABLE = YES;
				IPHONEOS_DEPLOYMENT_TARGET = 10.2;
				MTL_ENABLE_DEBUG_INFO = YES;
				ONLY_ACTIVE_ARCH = YES;
				SDKROOT = iphoneos;
			};
			name = Debug;
		};
		76176BE91E55E249006F44F5 /* Release */ = {
			isa = XCBuildConfiguration;
			buildSettings = {
				ALWAYS_SEARCH_USER_PATHS = NO;
				CLANG_ANALYZER_NONNULL = YES;
				CLANG_CXX_LANGUAGE_STANDARD = "gnu++0x";
				CLANG_CXX_LIBRARY = "libc++";
				CLANG_ENABLE_MODULES = YES;
				CLANG_ENABLE_OBJC_ARC = YES;
				CLANG_WARN_BOOL_CONVERSION = YES;
				CLANG_WARN_CONSTANT_CONVERSION = YES;
				CLANG_WARN_DIRECT_OBJC_ISA_USAGE = YES_ERROR;
				CLANG_WARN_DOCUMENTATION_COMMENTS = YES;
				CLANG_WARN_EMPTY_BODY = YES;
				CLANG_WARN_ENUM_CONVERSION = YES;
				CLANG_WARN_INFINITE_RECURSION = YES;
				CLANG_WARN_INT_CONVERSION = YES;
				CLANG_WARN_OBJC_ROOT_CLASS = YES_ERROR;
				CLANG_WARN_SUSPICIOUS_MOVE = YES;
				CLANG_WARN_UNREACHABLE_CODE = YES;
				CLANG_WARN__DUPLICATE_METHOD_MATCH = YES;
				"CODE_SIGN_IDENTITY[sdk=iphoneos*]" = "iPhone Developer";
				COPY_PHASE_STRIP = NO;
				DEBUG_INFORMATION_FORMAT = "dwarf-with-dsym";
				ENABLE_NS_ASSERTIONS = NO;
				ENABLE_STRICT_OBJC_MSGSEND = YES;
				GCC_C_LANGUAGE_STANDARD = gnu99;
				GCC_NO_COMMON_BLOCKS = YES;
				GCC_WARN_64_TO_32_BIT_CONVERSION = YES;
				GCC_WARN_ABOUT_RETURN_TYPE = YES_ERROR;
				GCC_WARN_UNDECLARED_SELECTOR = YES;
				GCC_WARN_UNINITIALIZED_AUTOS = YES_AGGRESSIVE;
				GCC_WARN_UNUSED_FUNCTION = YES;
				GCC_WARN_UNUSED_VARIABLE = YES;
				IPHONEOS_DEPLOYMENT_TARGET = 10.2;
				MTL_ENABLE_DEBUG_INFO = NO;
				SDKROOT = iphoneos;
				VALIDATE_PRODUCT = YES;
			};
			name = Release;
		};
		76176BEB1E55E249006F44F5 /* Debug */ = {
			isa = XCBuildConfiguration;
			buildSettings = {
				DEVELOPMENT_TEAM = HF526ANGZB;
				OTHER_LDFLAGS = "-ObjC";
				PRODUCT_NAME = "$(TARGET_NAME)";
				SKIP_INSTALL = YES;
			};
			name = Debug;
		};
		76176BEC1E55E249006F44F5 /* Release */ = {
			isa = XCBuildConfiguration;
			buildSettings = {
				DEVELOPMENT_TEAM = HF526ANGZB;
				OTHER_LDFLAGS = "-ObjC";
				PRODUCT_NAME = "$(TARGET_NAME)";
				SKIP_INSTALL = YES;
			};
			name = Release;
		};
/* End XCBuildConfiguration section */

/* Begin XCConfigurationList section */
		76176BDC1E55E249006F44F5 /* Build configuration list for PBXProject "YXLib" */ = {
			isa = XCConfigurationList;
			buildConfigurations = (
				76176BE81E55E249006F44F5 /* Debug */,
				76176BE91E55E249006F44F5 /* Release */,
			);
			defaultConfigurationIsVisible = 0;
			defaultConfigurationName = Release;
		};
		76176BEA1E55E249006F44F5 /* Build configuration list for PBXNativeTarget "YXLib" */ = {
			isa = XCConfigurationList;
			buildConfigurations = (
				76176BEB1E55E249006F44F5 /* Debug */,
				76176BEC1E55E249006F44F5 /* Release */,
			);
			defaultConfigurationIsVisible = 0;
		};
/* End XCConfigurationList section */
	};
	rootObject = 76176BD91E55E249006F44F5 /* Project object */;
}
